
Microsoft Visual Studio Solution File, Format Version 12.00
# Visual Studio 14
VisualStudioVersion = 14.0.25420.1
MinimumVisualStudioVersion = 10.0.40219.1
Project("{FAE04EC0-301F-11D3-BF4B-00C04F79EFBC}") = "sample_solution", "sample_solution\sample_solution.csproj", "{D95AEAC6-FD88-44E2-B596-FC71E8A2F55B}"
EndProject
Project("{FAE04EC0-301F-11D3-BF4B-00C04F79EFBC}") = "sample_project_1", "sample_project_1\sample_project_1.csproj", "{3B9EDEF5-7F80-42C1-AF73-CC32B99F9BD2}"
EndProject
Project("{FAE04EC0-301F-11D3-BF4B-00C04F79EFBC}") = "sample_project_2", "sample_project_2\sample_project_2.csproj", "{265B5BC4-E088-4FA3-9915-41EAF71647C0}"
EndProject
Global
	GlobalSection(SolutionConfigurationPlatforms) = preSolution
		Debug|Any CPU = Debug|Any CPU
		Release|Any CPU = Release|Any CPU
	EndGlobalSection
	GlobalSection(ProjectConfigurationPlatforms) = postSolution
		{D95AEAC6-FD88-44E2-B596-FC71E8A2F55B}.Debug|Any CPU.ActiveCfg = Debug|Any CPU
		{D95AEAC6-FD88-44E2-B596-FC71E8A2F55B}.Debug|Any CPU.Build.0 = Debug|Any CPU
		{D95AEAC6-FD88-44E2-B596-FC71E8A2F55B}.Release|Any CPU.ActiveCfg = Release|Any CPU
		{D95AEAC6-FD88-44E2-B596-FC71E8A2F55B}.Release|Any CPU.Build.0 = Release|Any CPU
		{3B9EDEF5-7F80-42C1-AF73-CC32B99F9BD2}.Debug|Any CPU.ActiveCfg = Debug|Any CPU
		{3B9EDEF5-7F80-42C1-AF73-CC32B99F9BD2}.Debug|Any CPU.Build.0 = Debug|Any CPU
		{3B9EDEF5-7F80-42C1-AF73-CC32B99F9BD2}.Release|Any CPU.ActiveCfg = Release|Any CPU
		{3B9EDEF5-7F80-42C1-AF73-CC32B99F9BD2}.Release|Any CPU.Build.0 = Release|Any CPU
		{265B5BC4-E088-4FA3-9915-41EAF71647C0}.Debug|Any CPU.ActiveCfg = Debug|Any CPU
		{265B5BC4-E088-4FA3-9915-41EAF71647C0}.Debug|Any CPU.Build.0 = Debug|Any CPU
		{265B5BC4-E088-4FA3-9915-41EAF71647C0}.Release|Any CPU.ActiveCfg = Release|Any CPU
		{265B5BC4-E088-4FA3-9915-41EAF71647C0}.Release|Any CPU.Build.0 = Release|Any CPU
	EndGlobalSection
	GlobalSection(SolutionProperties) = preSolution
		HideSolutionNode = FALSE
	EndGlobalSection
EndGlobal
